// !$*UTF8*$!
{
	archiveVersion = 1;
	classes = {
	};
	objectVersion = 56;
	objects = {

/* Begin PBXBuildFile section */
		674851922B5EAC60009FF517 /* AppDelegate.swift in Sources */ = {isa = PBXBuildFile; fileRef = 674851912B5EAC60009FF517 /* AppDelegate.swift */; };
		674851942B5EAC60009FF517 /* SceneDelegate.swift in Sources */ = {isa = PBXBuildFile; fileRef = 674851932B5EAC60009FF517 /* SceneDelegate.swift */; };
		674851962B5EAC60009FF517 /* ViewController.swift in Sources */ = {isa = PBXBuildFile; fileRef = 674851952B5EAC60009FF517 /* ViewController.swift */; };
		674851992B5EAC60009FF517 /* Main.storyboard in Resources */ = {isa = PBXBuildFile; fileRef = 674851972B5EAC60009FF517 /* Main.storyboard */; };
		6748519B2B5EAC62009FF517 /* Assets.xcassets in Resources */ = {isa = PBXBuildFile; fileRef = 6748519A2B5EAC62009FF517 /* Assets.xcassets */; };
		6748519E2B5EAC62009FF517 /* LaunchScreen.storyboard in Resources */ = {isa = PBXBuildFile; fileRef = 6748519C2B5EAC62009FF517 /* LaunchScreen.storyboard */; };
		674851A92B5EAC62009FF517 /* testAppTests.swift in Sources */ = {isa = PBXBuildFile; fileRef = 674851A82B5EAC62009FF517 /* testAppTests.swift */; };
		674851B32B5EAC62009FF517 /* testAppUITests.swift in Sources */ = {isa = PBXBuildFile; fileRef = 674851B22B5EAC62009FF517 /* testAppUITests.swift */; };
		674851B52B5EAC62009FF517 /* testAppUITestsLaunchTests.swift in Sources */ = {isa = PBXBuildFile; fileRef = 674851B42B5EAC62009FF517 /* testAppUITestsLaunchTests.swift */; };
		674851C42B5EAC91009FF517 /* switUIComponets in Frameworks */ = {isa = PBXBuildFile; productRef = 674851C32B5EAC91009FF517 /* switUIComponets */; };
/* End PBXBuildFile section */

/* Begin PBXContainerItemProxy section */
		674851A52B5EAC62009FF517 /* PBXContainerItemProxy */ = {
			isa = PBXContainerItemProxy;
			containerPortal = 674851862B5EAC60009FF517 /* Project object */;
			proxyType = 1;
			remoteGlobalIDString = 6748518D2B5EAC60009FF517;
			remoteInfo = testApp;
		};
		674851AF2B5EAC62009FF517 /* PBXContainerItemProxy */ = {
			isa = PBXContainerItemProxy;
			containerPortal = 674851862B5EAC60009FF517 /* Project object */;
			proxyType = 1;
			remoteGlobalIDString = 6748518D2B5EAC60009FF517;
			remoteInfo = testApp;
		};
/* End PBXContainerItemProxy section */

/* Begin PBXFileReference section */
		6748518E2B5EAC60009FF517 /* testApp.app */ = {isa = PBXFileReference; explicitFileType = wrapper.application; includeInIndex = 0; path = testApp.app; sourceTree = BUILT_PRODUCTS_DIR; };
		674851912B5EAC60009FF517 /* AppDelegate.swift */ = {isa = PBXFileReference; lastKnownFileType = sourcecode.swift; path = AppDelegate.swift; sourceTree = "<group>"; };
		674851932B5EAC60009FF517 /* SceneDelegate.swift */ = {isa = PBXFileReference; lastKnownFileType = sourcecode.swift; path = SceneDelegate.swift; sourceTree = "<group>"; };
		674851952B5EAC60009FF517 /* ViewController.swift */ = {isa = PBXFileReference; lastKnownFileType = sourcecode.swift; path = ViewController.swift; sourceTree = "<group>"; };
		674851982B5EAC60009FF517 /* Base */ = {isa = PBXFileReference; lastKnownFileType = file.storyboard; name = Base; path = Base.lproj/Main.storyboard; sourceTree = "<group>"; };
		6748519A2B5EAC62009FF517 /* Assets.xcassets */ = {isa = PBXFileReference; lastKnownFileType = folder.assetcatalog; path = Assets.xcassets; sourceTree = "<group>"; };
		6748519D2B5EAC62009FF517 /* Base */ = {isa = PBXFileReference; lastKnownFileType = file.storyboard; name = Base; path = Base.lproj/LaunchScreen.storyboard; sourceTree = "<group>"; };
		6748519F2B5EAC62009FF517 /* Info.plist */ = {isa = PBXFileReference; lastKnownFileType = text.plist.xml; path = Info.plist; sourceTree = "<group>"; };
		674851A42B5EAC62009FF517 /* testAppTests.xctest */ = {isa = PBXFileReference; explicitFileType = wrapper.cfbundle; includeInIndex = 0; path = testAppTests.xctest; sourceTree = BUILT_PRODUCTS_DIR; };
		674851A82B5EAC62009FF517 /* testAppTests.swift */ = {isa = PBXFileReference; lastKnownFileType = sourcecode.swift; path = testAppTests.swift; sourceTree = "<group>"; };
		674851AE2B5EAC62009FF517 /* testAppUITests.xctest */ = {isa = PBXFileReference; explicitFileType = wrapper.cfbundle; includeInIndex = 0; path = testAppUITests.xctest; sourceTree = BUILT_PRODUCTS_DIR; };
		674851B22B5EAC62009FF517 /* testAppUITests.swift */ = {isa = PBXFileReference; lastKnownFileType = sourcecode.swift; path = testAppUITests.swift; sourceTree = "<group>"; };
		674851B42B5EAC62009FF517 /* testAppUITestsLaunchTests.swift */ = {isa = PBXFileReference; lastKnownFileType = sourcecode.swift; path = testAppUITestsLaunchTests.swift; sourceTree = "<group>"; };
		674851C12B5EAC83009FF517 /* switUIComponets */ = {isa = PBXFileReference; lastKnownFileType = wrapper; name = switUIComponets; path = ..; sourceTree = "<group>"; };
/* End PBXFileReference section */

/* Begin PBXFrameworksBuildPhase section */
		6748518B2B5EAC60009FF517 /* Frameworks */ = {
			isa = PBXFrameworksBuildPhase;
			buildActionMask = 2147483647;
			files = (
				674851C42B5EAC91009FF517 /* switUIComponets in Frameworks */,
			);
			runOnlyForDeploymentPostprocessing = 0;
		};
		674851A12B5EAC62009FF517 /* Frameworks */ = {
			isa = PBXFrameworksBuildPhase;
			buildActionMask = 2147483647;
			files = (
			);
			runOnlyForDeploymentPostprocessing = 0;
		};
		674851AB2B5EAC62009FF517 /* Frameworks */ = {
			isa = PBXFrameworksBuildPhase;
			buildActionMask = 2147483647;
			files = (
			);
			runOnlyForDeploymentPostprocessing = 0;
		};
/* End PBXFrameworksBuildPhase section */

/* Begin PBXGroup section */
		674851852B5EAC60009FF517 = {
			isa = PBXGroup;
			children = (
				674851C12B5EAC83009FF517 /* switUIComponets */,
				674851902B5EAC60009FF517 /* testApp */,
				674851A72B5EAC62009FF517 /* testAppTests */,
				674851B12B5EAC62009FF517 /* testAppUITests */,
				6748518F2B5EAC60009FF517 /* Products */,
				674851C22B5EAC91009FF517 /* Frameworks */,
			);
			sourceTree = "<group>";
		};
		6748518F2B5EAC60009FF517 /* Products */ = {
			isa = PBXGroup;
			children = (
				6748518E2B5EAC60009FF517 /* testApp.app */,
				674851A42B5EAC62009FF517 /* testAppTests.xctest */,
				674851AE2B5EAC62009FF517 /* testAppUITests.xctest */,
			);
			name = Products;
			sourceTree = "<group>";
		};
		674851902B5EAC60009FF517 /* testApp */ = {
			isa = PBXGroup;
			children = (
				674851912B5EAC60009FF517 /* AppDelegate.swift */,
				674851932B5EAC60009FF517 /* SceneDelegate.swift */,
				674851952B5EAC60009FF517 /* ViewController.swift */,
				674851972B5EAC60009FF517 /* Main.storyboard */,
				6748519A2B5EAC62009FF517 /* Assets.xcassets */,
				6748519C2B5EAC62009FF517 /* LaunchScreen.storyboard */,
				6748519F2B5EAC62009FF517 /* Info.plist */,
			);
			path = testApp;
			sourceTree = "<group>";
		};
		674851A72B5EAC62009FF517 /* testAppTests */ = {
			isa = PBXGroup;
			children = (
				674851A82B5EAC62009FF517 /* testAppTests.swift */,
			);
			path = testAppTests;
			sourceTree = "<group>";
		};
		674851B12B5EAC62009FF517 /* testAppUITests */ = {
			isa = PBXGroup;
			children = (
				674851B22B5EAC62009FF517 /* testAppUITests.swift */,
				674851B42B5EAC62009FF517 /* testAppUITestsLaunchTests.swift */,
			);
			path = testAppUITests;
			sourceTree = "<group>";
		};
		674851C22B5EAC91009FF517 /* Frameworks */ = {
			isa = PBXGroup;
			children = (
			);
			name = Frameworks;
			sourceTree = "<group>";
		};
/* End PBXGroup section */

/* Begin PBXNativeTarget section */
		6748518D2B5EAC60009FF517 /* testApp */ = {
			isa = PBXNativeTarget;
			buildConfigurationList = 674851B82B5EAC62009FF517 /* Build configuration list for PBXNativeTarget "testApp" */;
			buildPhases = (
				6748518A2B5EAC60009FF517 /* Sources */,
				6748518B2B5EAC60009FF517 /* Frameworks */,
				6748518C2B5EAC60009FF517 /* Resources */,
			);
			buildRules = (
			);
			dependencies = (
			);
			name = testApp;
			packageProductDependencies = (
				674851C32B5EAC91009FF517 /* switUIComponets */,
			);
			productName = testApp;
			productReference = 6748518E2B5EAC60009FF517 /* testApp.app */;
			productType = "com.apple.product-type.application";
		};
		674851A32B5EAC62009FF517 /* testAppTests */ = {
			isa = PBXNativeTarget;
			buildConfigurationList = 674851BB2B5EAC62009FF517 /* Build configuration list for PBXNativeTarget "testAppTests" */;
			buildPhases = (
				674851A02B5EAC62009FF517 /* Sources */,
				674851A12B5EAC62009FF517 /* Frameworks */,
				674851A22B5EAC62009FF517 /* Resources */,
			);
			buildRules = (
			);
			dependencies = (
				674851A62B5EAC62009FF517 /* PBXTargetDependency */,
			);
			name = testAppTests;
			productName = testAppTests;
			productReference = 674851A42B5EAC62009FF517 /* testAppTests.xctest */;
			productType = "com.apple.product-type.bundle.unit-test";
		};
		674851AD2B5EAC62009FF517 /* testAppUITests */ = {
			isa = PBXNativeTarget;
			buildConfigurationList = 674851BE2B5EAC62009FF517 /* Build configuration list for PBXNativeTarget "testAppUITests" */;
			buildPhases = (
				674851AA2B5EAC62009FF517 /* Sources */,
				674851AB2B5EAC62009FF517 /* Frameworks */,
				674851AC2B5EAC62009FF517 /* Resources */,
			);
			buildRules = (
			);
			dependencies = (
				674851B02B5EAC62009FF517 /* PBXTargetDependency */,
			);
			name = testAppUITests;
			productName = testAppUITests;
			productReference = 674851AE2B5EAC62009FF517 /* testAppUITests.xctest */;
			productType = "com.apple.product-type.bundle.ui-testing";
		};
/* End PBXNativeTarget section */

/* Begin PBXProject section */
		674851862B5EAC60009FF517 /* Project object */ = {
			isa = PBXProject;
			attributes = {
				BuildIndependentTargetsInParallel = 1;
				LastSwiftUpdateCheck = 1500;
				LastUpgradeCheck = 1500;
				TargetAttributes = {
					6748518D2B5EAC60009FF517 = {
						CreatedOnToolsVersion = 15.0;
					};
					674851A32B5EAC62009FF517 = {
						CreatedOnToolsVersion = 15.0;
						TestTargetID = 6748518D2B5EAC60009FF517;
					};
					674851AD2B5EAC62009FF517 = {
						CreatedOnToolsVersion = 15.0;
						TestTargetID = 6748518D2B5EAC60009FF517;
					};
				};
			};
			buildConfigurationList = 674851892B5EAC60009FF517 /* Build configuration list for PBXProject "testApp" */;
			compatibilityVersion = "Xcode 14.0";
			developmentRegion = en;
			hasScannedForEncodings = 0;
			knownRegions = (
				en,
				Base,
			);
			mainGroup = 674851852B5EAC60009FF517;
			productRefGroup = 6748518F2B5EAC60009FF517 /* Products */;
			projectDirPath = "";
			projectRoot = "";
			targets = (
				6748518D2B5EAC60009FF517 /* testApp */,
				674851A32B5EAC62009FF517 /* testAppTests */,
				674851AD2B5EAC62009FF517 /* testAppUITests */,
			);
		};
/* End PBXProject section */

/* Begin PBXResourcesBuildPhase section */
		6748518C2B5EAC60009FF517 /* Resources */ = {
			isa = PBXResourcesBuildPhase;
			buildActionMask = 2147483647;
			files = (
				6748519E2B5EAC62009FF517 /* LaunchScreen.storyboard in Resources */,
				6748519B2B5EAC62009FF517 /* Assets.xcassets in Resources */,
				674851992B5EAC60009FF517 /* Main.storyboard in Resources */,
			);
			runOnlyForDeploymentPostprocessing = 0;
		};
		674851A22B5EAC62009FF517 /* Resources */ = {
			isa = PBXResourcesBuildPhase;
			buildActionMask = 2147483647;
			files = (
			);
			runOnlyForDeploymentPostprocessing = 0;
		};
		674851AC2B5EAC62009FF517 /* Resources */ = {
			isa = PBXResourcesBuildPhase;
			buildActionMask = 2147483647;
			files = (
			);
			runOnlyForDeploymentPostprocessing = 0;
		};
/* End PBXResourcesBuildPhase section */

/* Begin PBXSourcesBuildPhase section */
		6748518A2B5EAC60009FF517 /* Sources */ = {
			isa = PBXSourcesBuildPhase;
			buildActionMask = 2147483647;
			files = (
				674851962B5EAC60009FF517 /* ViewController.swift in Sources */,
				674851922B5EAC60009FF517 /* AppDelegate.swift in Sources */,
				674851942B5EAC60009FF517 /* SceneDelegate.swift in Sources */,
			);
			runOnlyForDeploymentPostprocessing = 0;
		};
		674851A02B5EAC62009FF517 /* Sources */ = {
			isa = PBXSourcesBuildPhase;
			buildActionMask = 2147483647;
			files = (
				674851A92B5EAC62009FF517 /* testAppTests.swift in Sources */,
			);
			runOnlyForDeploymentPostprocessing = 0;
		};
		674851AA2B5EAC62009FF517 /* Sources */ = {
			isa = PBXSourcesBuildPhase;
			buildActionMask = 2147483647;
			files = (
				674851B52B5EAC62009FF517 /* testAppUITestsLaunchTests.swift in Sources */,
				674851B32B5EAC62009FF517 /* testAppUITests.swift in Sources */,
			);
			runOnlyForDeploymentPostprocessing = 0;
		};
/* End PBXSourcesBuildPhase section */

/* Begin PBXTargetDependency section */
		674851A62B5EAC62009FF517 /* PBXTargetDependency */ = {
			isa = PBXTargetDependency;
			target = 6748518D2B5EAC60009FF517 /* testApp */;
			targetProxy = 674851A52B5EAC62009FF517 /* PBXContainerItemProxy */;
		};
		674851B02B5EAC62009FF517 /* PBXTargetDependency */ = {
			isa = PBXTargetDependency;
			target = 6748518D2B5EAC60009FF517 /* testApp */;
			targetProxy = 674851AF2B5EAC62009FF517 /* PBXContainerItemProxy */;
		};
/* End PBXTargetDependency section */

/* Begin PBXVariantGroup section */
		674851972B5EAC60009FF517 /* Main.storyboard */ = {
			isa = PBXVariantGroup;
			children = (
				674851982B5EAC60009FF517 /* Base */,
			);
			name = Main.storyboard;
			sourceTree = "<group>";
		};
		6748519C2B5EAC62009FF517 /* LaunchScreen.storyboard */ = {
			isa = PBXVariantGroup;
			children = (
				6748519D2B5EAC62009FF517 /* Base */,
			);
			name = LaunchScreen.storyboard;
			sourceTree = "<group>";
		};
/* End PBXVariantGroup section */

/* Begin XCBuildConfiguration section */
		674851B62B5EAC62009FF517 /* Debug */ = {
			isa = XCBuildConfiguration;
			buildSettings = {
				ALWAYS_SEARCH_USER_PATHS = NO;
				ASSETCATALOG_COMPILER_GENERATE_SWIFT_ASSET_SYMBOL_EXTENSIONS = YES;
				CLANG_ANALYZER_NONNULL = YES;
				CLANG_ANALYZER_NUMBER_OBJECT_CONVERSION = YES_AGGRESSIVE;
				CLANG_CXX_LANGUAGE_STANDARD = "gnu++20";
				CLANG_ENABLE_MODULES = YES;
				CLANG_ENABLE_OBJC_ARC = YES;
				CLANG_ENABLE_OBJC_WEAK = YES;
				CLANG_WARN_BLOCK_CAPTURE_AUTORELEASING = YES;
				CLANG_WARN_BOOL_CONVERSION = YES;
				CLANG_WARN_COMMA = YES;
				CLANG_WARN_CONSTANT_CONVERSION = YES;
				CLANG_WARN_DEPRECATED_OBJC_IMPLEMENTATIONS = YES;
				CLANG_WARN_DIRECT_OBJC_ISA_USAGE = YES_ERROR;
				CLANG_WARN_DOCUMENTATION_COMMENTS = YES;
				CLANG_WARN_EMPTY_BODY = YES;
				CLANG_WARN_ENUM_CONVERSION = YES;
				CLANG_WARN_INFINITE_RECURSION = YES;
				CLANG_WARN_INT_CONVERSION = YES;
				CLANG_WARN_NON_LITERAL_NULL_CONVERSION = YES;
				CLANG_WARN_OBJC_IMPLICIT_RETAIN_SELF = YES;
				CLANG_WARN_OBJC_LITERAL_CONVERSION = YES;
				CLANG_WARN_OBJC_ROOT_CLASS = YES_ERROR;
				CLANG_WARN_QUOTED_INCLUDE_IN_FRAMEWORK_HEADER = YES;
				CLANG_WARN_RANGE_LOOP_ANALYSIS = YES;
				CLANG_WARN_STRICT_PROTOTYPES = YES;
				CLANG_WARN_SUSPICIOUS_MOVE = YES;
				CLANG_WARN_UNGUARDED_AVAILABILITY = YES_AGGRESSIVE;
				CLANG_WARN_UNREACHABLE_CODE = YES;
				CLANG_WARN__DUPLICATE_METHOD_MATCH = YES;
				COPY_PHASE_STRIP = NO;
				DEBUG_INFORMATION_FORMAT = dwarf;
				ENABLE_STRICT_OBJC_MSGSEND = YES;
				ENABLE_TESTABILITY = YES;
				ENABLE_USER_SCRIPT_SANDBOXING = YES;
				GCC_C_LANGUAGE_STANDARD = gnu17;
				GCC_DYNAMIC_NO_PIC = NO;
				GCC_NO_COMMON_BLOCKS = YES;
				GCC_OPTIMIZATION_LEVEL = 0;
				GCC_PREPROCESSOR_DEFINITIONS = (
					"DEBUG=1",
					"$(inherited)",
				);
				GCC_WARN_64_TO_32_BIT_CONVERSION = YES;
				GCC_WARN_ABOUT_RETURN_TYPE = YES_ERROR;
				GCC_WARN_UNDECLARED_SELECTOR = YES;
				GCC_WARN_UNINITIALIZED_AUTOS = YES_AGGRESSIVE;
				GCC_WARN_UNUSED_FUNCTION = YES;
				GCC_WARN_UNUSED_VARIABLE = YES;
				IPHONEOS_DEPLOYMENT_TARGET = 17.0;
				LOCALIZATION_PREFERS_STRING_CATALOGS = YES;
				MTL_ENABLE_DEBUG_INFO = INCLUDE_SOURCE;
				MTL_FAST_MATH = YES;
				ONLY_ACTIVE_ARCH = YES;
				SDKROOT = iphoneos;
				SWIFT_ACTIVE_COMPILATION_CONDITIONS = "DEBUG $(inherited)";
				SWIFT_OPTIMIZATION_LEVEL = "-Onone";
			};
			name = Debug;
		};
		674851B72B5EAC62009FF517 /* Release */ = {
			isa = XCBuildConfiguration;
			buildSettings = {
				ALWAYS_SEARCH_USER_PATHS = NO;
				ASSETCATALOG_COMPILER_GENERATE_SWIFT_ASSET_SYMBOL_EXTENSIONS = YES;
				CLANG_ANALYZER_NONNULL = YES;
				CLANG_ANALYZER_NUMBER_OBJECT_CONVERSION = YES_AGGRESSIVE;
				CLANG_CXX_LANGUAGE_STANDARD = "gnu++20";
				CLANG_ENABLE_MODULES = YES;
				CLANG_ENABLE_OBJC_ARC = YES;
				CLANG_ENABLE_OBJC_WEAK = YES;
				CLANG_WARN_BLOCK_CAPTURE_AUTORELEASING = YES;
				CLANG_WARN_BOOL_CONVERSION = YES;
				CLANG_WARN_COMMA = YES;
				CLANG_WARN_CONSTANT_CONVERSION = YES;
				CLANG_WARN_DEPRECATED_OBJC_IMPLEMENTATIONS = YES;
				CLANG_WARN_DIRECT_OBJC_ISA_USAGE = YES_ERROR;
				CLANG_WARN_DOCUMENTATION_COMMENTS = YES;
				CLANG_WARN_EMPTY_BODY = YES;
				CLANG_WARN_ENUM_CONVERSION = YES;
				CLANG_WARN_INFINITE_RECURSION = YES;
				CLANG_WARN_INT_CONVERSION = YES;
				CLANG_WARN_NON_LITERAL_NULL_CONVERSION = YES;
				CLANG_WARN_OBJC_IMPLICIT_RETAIN_SELF = YES;
				CLANG_WARN_OBJC_LITERAL_CONVERSION = YES;
				CLANG_WARN_OBJC_ROOT_CLASS = YES_ERROR;
				CLANG_WARN_QUOTED_INCLUDE_IN_FRAMEWORK_HEADER = YES;
				CLANG_WARN_RANGE_LOOP_ANALYSIS = YES;
				CLANG_WARN_STRICT_PROTOTYPES = YES;
				CLANG_WARN_SUSPICIOUS_MOVE = YES;
				CLANG_WARN_UNGUARDED_AVAILABILITY = YES_AGGRESSIVE;
				CLANG_WARN_UNREACHABLE_CODE = YES;
				CLANG_WARN__DUPLICATE_METHOD_MATCH = YES;
				COPY_PHASE_STRIP = NO;
				DEBUG_INFORMATION_FORMAT = "dwarf-with-dsym";
				ENABLE_NS_ASSERTIONS = NO;
				ENABLE_STRICT_OBJC_MSGSEND = YES;
				ENABLE_USER_SCRIPT_SANDBOXING = YES;
				GCC_C_LANGUAGE_STANDARD = gnu17;
				GCC_NO_COMMON_BLOCKS = YES;
				GCC_WARN_64_TO_32_BIT_CONVERSION = YES;
				GCC_WARN_ABOUT_RETURN_TYPE = YES_ERROR;
				GCC_WARN_UNDECLARED_SELECTOR = YES;
				GCC_WARN_UNINITIALIZED_AUTOS = YES_AGGRESSIVE;
				GCC_WARN_UNUSED_FUNCTION = YES;
				GCC_WARN_UNUSED_VARIABLE = YES;
				IPHONEOS_DEPLOYMENT_TARGET = 17.0;
				LOCALIZATION_PREFERS_STRING_CATALOGS = YES;
				MTL_ENABLE_DEBUG_INFO = NO;
				MTL_FAST_MATH = YES;
				SDKROOT = iphoneos;
				SWIFT_COMPILATION_MODE = wholemodule;
				VALIDATE_PRODUCT = YES;
			};
			name = Release;
		};
		674851B92B5EAC62009FF517 /* Debug */ = {
			isa = XCBuildConfiguration;
			buildSettings = {
				ASSETCATALOG_COMPILER_APPICON_NAME = AppIcon;
				ASSETCATALOG_COMPILER_GLOBAL_ACCENT_COLOR_NAME = AccentColor;
				CODE_SIGN_STYLE = Automatic;
				CURRENT_PROJECT_VERSION = 1;
				DEVELOPMENT_TEAM = 495737228M;
				GENERATE_INFOPLIST_FILE = YES;
				INFOPLIST_FILE = testApp/Info.plist;
				INFOPLIST_KEY_UIApplicationSupportsIndirectInputEvents = YES;
				INFOPLIST_KEY_UILaunchStoryboardName = LaunchScreen;
				INFOPLIST_KEY_UIMainStoryboardFile = Main;
				INFOPLIST_KEY_UISupportedInterfaceOrientations_iPad = "UIInterfaceOrientationPortrait UIInterfaceOrientationPortraitUpsideDown UIInterfaceOrientationLandscapeLeft UIInterfaceOrientationLandscapeRight";
				INFOPLIST_KEY_UISupportedInterfaceOrientations_iPhone = "UIInterfaceOrientationPortrait UIInterfaceOrientationLandscapeLeft UIInterfaceOrientationLandscapeRight";
				LD_RUNPATH_SEARCH_PATHS = (
					"$(inherited)",
					"@executable_path/Frameworks",
				);
				MARKETING_VERSION = 1.0;
				PRODUCT_BUNDLE_IDENTIFIER = emmanuel.zambrano.testApp;
				PRODUCT_NAME = "$(TARGET_NAME)";
				SWIFT_EMIT_LOC_STRINGS = YES;
				SWIFT_VERSION = 5.0;
				TARGETED_DEVICE_FAMILY = "1,2";
			};
			name = Debug;
		};
		674851BA2B5EAC62009FF517 /* Release */ = {
			isa = XCBuildConfiguration;
			buildSettings = {
				ASSETCATALOG_COMPILER_APPICON_NAME = AppIcon;
				ASSETCATALOG_COMPILER_GLOBAL_ACCENT_COLOR_NAME = AccentColor;
				CODE_SIGN_STYLE = Automatic;
				CURRENT_PROJECT_VERSION = 1;
				DEVELOPMENT_TEAM = 495737228M;
				GENERATE_INFOPLIST_FILE = YES;
				INFOPLIST_FILE = testApp/Info.plist;
				INFOPLIST_KEY_UIApplicationSupportsIndirectInputEvents = YES;
				INFOPLIST_KEY_UILaunchStoryboardName = LaunchScreen;
				INFOPLIST_KEY_UIMainStoryboardFile = Main;
				INFOPLIST_KEY_UISupportedInterfaceOrientations_iPad = "UIInterfaceOrientationPortrait UIInterfaceOrientationPortraitUpsideDown UIInterfaceOrientationLandscapeLeft UIInterfaceOrientationLandscapeRight";
				INFOPLIST_KEY_UISupportedInterfaceOrientations_iPhone = "UIInterfaceOrientationPortrait UIInterfaceOrientationLandscapeLeft UIInterfaceOrientationLandscapeRight";
				LD_RUNPATH_SEARCH_PATHS = (
					"$(inherited)",
					"@executable_path/Frameworks",
				);
				MARKETING_VERSION = 1.0;
				PRODUCT_BUNDLE_IDENTIFIER = emmanuel.zambrano.testApp;
				PRODUCT_NAME = "$(TARGET_NAME)";
				SWIFT_EMIT_LOC_STRINGS = YES;
				SWIFT_VERSION = 5.0;
				TARGETED_DEVICE_FAMILY = "1,2";
			};
			name = Release;
		};
		674851BC2B5EAC62009FF517 /* Debug */ = {
			isa = XCBuildConfiguration;
			buildSettings = {
				ALWAYS_EMBED_SWIFT_STANDARD_LIBRARIES = YES;
				BUNDLE_LOADER = "$(TEST_HOST)";
				CODE_SIGN_STYLE = Automatic;
				CURRENT_PROJECT_VERSION = 1;
				DEVELOPMENT_TEAM = 495737228M;
				GENERATE_INFOPLIST_FILE = YES;
				IPHONEOS_DEPLOYMENT_TARGET = 17.0;
				MARKETING_VERSION = 1.0;
				PRODUCT_BUNDLE_IDENTIFIER = emmanuel.zambrano.testAppTests;
				PRODUCT_NAME = "$(TARGET_NAME)";
				SWIFT_EMIT_LOC_STRINGS = NO;
				SWIFT_VERSION = 5.0;
				TARGETED_DEVICE_FAMILY = "1,2";
				TEST_HOST = "$(BUILT_PRODUCTS_DIR)/testApp.app/$(BUNDLE_EXECUTABLE_FOLDER_PATH)/testApp";
			};
			name = Debug;
		};
		674851BD2B5EAC62009FF517 /* Release */ = {
			isa = XCBuildConfiguration;
			buildSettings = {
				ALWAYS_EMBED_SWIFT_STANDARD_LIBRARIES = YES;
				BUNDLE_LOADER = "$(TEST_HOST)";
				CODE_SIGN_STYLE = Automatic;
				CURRENT_PROJECT_VERSION = 1;
				DEVELOPMENT_TEAM = 495737228M;
				GENERATE_INFOPLIST_FILE = YES;
				IPHONEOS_DEPLOYMENT_TARGET = 17.0;
				MARKETING_VERSION = 1.0;
				PRODUCT_BUNDLE_IDENTIFIER = emmanuel.zambrano.testAppTests;
				PRODUCT_NAME = "$(TARGET_NAME)";
				SWIFT_EMIT_LOC_STRINGS = NO;
				SWIFT_VERSION = 5.0;
				TARGETED_DEVICE_FAMILY = "1,2";
				TEST_HOST = "$(BUILT_PRODUCTS_DIR)/testApp.app/$(BUNDLE_EXECUTABLE_FOLDER_PATH)/testApp";
			};
			name = Release;
		};
		674851BF2B5EAC62009FF517 /* Debug */ = {
			isa = XCBuildConfiguration;
			buildSettings = {
				ALWAYS_EMBED_SWIFT_STANDARD_LIBRARIES = YES;
				CODE_SIGN_STYLE = Automatic;
				CURRENT_PROJECT_VERSION = 1;
				DEVELOPMENT_TEAM = 495737228M;
				GENERATE_INFOPLIST_FILE = YES;
				MARKETING_VERSION = 1.0;
				PRODUCT_BUNDLE_IDENTIFIER = emmanuel.zambrano.testAppUITests;
				PRODUCT_NAME = "$(TARGET_NAME)";
				SWIFT_EMIT_LOC_STRINGS = NO;
				SWIFT_VERSION = 5.0;
				TARGETED_DEVICE_FAMILY = "1,2";
				TEST_TARGET_NAME = testApp;
			};
			name = Debug;
		};
		674851C02B5EAC62009FF517 /* Release */ = {
			isa = XCBuildConfiguration;
			buildSettings = {
				ALWAYS_EMBED_SWIFT_STANDARD_LIBRARIES = YES;
				CODE_SIGN_STYLE = Automatic;
				CURRENT_PROJECT_VERSION = 1;
				DEVELOPMENT_TEAM = 495737228M;
				GENERATE_INFOPLIST_FILE = YES;
				MARKETING_VERSION = 1.0;
				PRODUCT_BUNDLE_IDENTIFIER = emmanuel.zambrano.testAppUITests;
				PRODUCT_NAME = "$(TARGET_NAME)";
				SWIFT_EMIT_LOC_STRINGS = NO;
				SWIFT_VERSION = 5.0;
				TARGETED_DEVICE_FAMILY = "1,2";
				TEST_TARGET_NAME = testApp;
			};
			name = Release;
		};
/* End XCBuildConfiguration section */

/* Begin XCConfigurationList section */
		674851892B5EAC60009FF517 /* Build configuration list for PBXProject "testApp" */ = {
			isa = XCConfigurationList;
			buildConfigurations = (
				674851B62B5EAC62009FF517 /* Debug */,
				674851B72B5EAC62009FF517 /* Release */,
			);
			defaultConfigurationIsVisible = 0;
			defaultConfigurationName = Release;
		};
		674851B82B5EAC62009FF517 /* Build configuration list for PBXNativeTarget "testApp" */ = {
			isa = XCConfigurationList;
			buildConfigurations = (
				674851B92B5EAC62009FF517 /* Debug */,
				674851BA2B5EAC62009FF517 /* Release */,
			);
			defaultConfigurationIsVisible = 0;
			defaultConfigurationName = Release;
		};
		674851BB2B5EAC62009FF517 /* Build configuration list for PBXNativeTarget "testAppTests" */ = {
			isa = XCConfigurationList;
			buildConfigurations = (
				674851BC2B5EAC62009FF517 /* Debug */,
				674851BD2B5EAC62009FF517 /* Release */,
			);
			defaultConfigurationIsVisible = 0;
			defaultConfigurationName = Release;
		};
		674851BE2B5EAC62009FF517 /* Build configuration list for PBXNativeTarget "testAppUITests" */ = {
			isa = XCConfigurationList;
			buildConfigurations = (
				674851BF2B5EAC62009FF517 /* Debug */,
				674851C02B5EAC62009FF517 /* Release */,
			);
			defaultConfigurationIsVisible = 0;
			defaultConfigurationName = Release;
		};
/* End XCConfigurationList section */

/* Begin XCSwiftPackageProductDependency section */
		674851C32B5EAC91009FF517 /* switUIComponets */ = {
			isa = XCSwiftPackageProductDependency;
			productName = switUIComponets;
		};
/* End XCSwiftPackageProductDependency section */
	};
	rootObject = 674851862B5EAC60009FF517 /* Project object */;
}
